
Microsoft Visual Studio Solution File, Format Version 12.00
# Visual Studio Version 16
VisualStudioVersion = 16.0.31424.327
MinimumVisualStudioVersion = 10.0.40219.1
Project("{FAE04EC0-301F-11D3-BF4B-00C04F79EFBC}") = "BettingSite", "BettingSite\BettingSite.csproj", "{A84768AF-CAB6-4653-918C-794FAD8361C1}"
EndProject
Global
	GlobalSection(SolutionConfigurationPlatforms) = preSolution
		Debug|Any CPU = Debug|Any CPU
		Release|Any CPU = Release|Any CPU
	EndGlobalSection
	GlobalSection(ProjectConfigurationPlatforms) = postSolution
		{A84768AF-CAB6-4653-918C-794FAD8361C1}.Debug|Any CPU.ActiveCfg = Debug|Any CPU
		{A84768AF-CAB6-4653-918C-794FAD8361C1}.Debug|Any CPU.Build.0 = Debug|Any CPU
		{A84768AF-CAB6-4653-918C-794FAD8361C1}.Release|Any CPU.ActiveCfg = Release|Any CPU
		{A84768AF-CAB6-4653-918C-794FAD8361C1}.Release|Any CPU.Build.0 = Release|Any CPU
	EndGlobalSection
	GlobalSection(SolutionProperties) = preSolution
		HideSolutionNode = FALSE
	EndGlobalSection
	GlobalSection(ExtensibilityGlobals) = postSolution
		SolutionGuid = {DB8F6C9F-61B6-45DC-A796-80D4FE8DFF7C}
	EndGlobalSection
EndGlobal
